// !$*UTF8*$!
{
	archiveVersion = 1;
	classes = {
	};
	objectVersion = 56;
	objects = {

/* Begin PBXBuildFile section */
		34C1CFEC2984CF47000E8778 /* MyList+Extensions.swift in Sources */ = {isa = PBXBuildFile; fileRef = 34C1CFEB2984CF47000E8778 /* MyList+Extensions.swift */; };
		34C1CFEE2984D577000E8778 /* Model.swift in Sources */ = {isa = PBXBuildFile; fileRef = 34C1CFED2984D577000E8778 /* Model.swift */; };
		34C1CFF12985859D000E8778 /* ReminderListView.swift in Sources */ = {isa = PBXBuildFile; fileRef = 34C1CFF02985859D000E8778 /* ReminderListView.swift */; };
		8D245FA129858E8900A58AC8 /* Reminder+Extensions.swift in Sources */ = {isa = PBXBuildFile; fileRef = 8D245FA029858E8900A58AC8 /* Reminder+Extensions.swift */; };
		8D8D0E6E2984A96B00C139FB /* RemindersAppApp.swift in Sources */ = {isa = PBXBuildFile; fileRef = 8D8D0E6D2984A96B00C139FB /* RemindersAppApp.swift */; };
		8D8D0E702984A96B00C139FB /* ContentView.swift in Sources */ = {isa = PBXBuildFile; fileRef = 8D8D0E6F2984A96B00C139FB /* ContentView.swift */; };
		8D8D0E722984A96C00C139FB /* Assets.xcassets in Resources */ = {isa = PBXBuildFile; fileRef = 8D8D0E712984A96C00C139FB /* Assets.xcassets */; };
		8D8D0E752984A96C00C139FB /* Preview Assets.xcassets in Resources */ = {isa = PBXBuildFile; fileRef = 8D8D0E742984A96C00C139FB /* Preview Assets.xcassets */; };
		8D8D0E7D2984AA9E00C139FB /* CoreDataProvider.swift in Sources */ = {isa = PBXBuildFile; fileRef = 8D8D0E7C2984AA9E00C139FB /* CoreDataProvider.swift */; };
		8D8D0E802984AAC900C139FB /* ReminderModel.xcdatamodeld in Sources */ = {isa = PBXBuildFile; fileRef = 8D8D0E7E2984AAC900C139FB /* ReminderModel.xcdatamodeld */; };
		8D8D0E8229858A8400C139FB /* MyListDetailView.swift in Sources */ = {isa = PBXBuildFile; fileRef = 8D8D0E8129858A8400C139FB /* MyListDetailView.swift */; };
		8D8D0E8429858B4C00C139FB /* PreviewData.swift in Sources */ = {isa = PBXBuildFile; fileRef = 8D8D0E8329858B4C00C139FB /* PreviewData.swift */; };
/* End PBXBuildFile section */

/* Begin PBXFileReference section */
		34C1CFEB2984CF47000E8778 /* MyList+Extensions.swift */ = {isa = PBXFileReference; lastKnownFileType = sourcecode.swift; path = "MyList+Extensions.swift"; sourceTree = "<group>"; };
		34C1CFED2984D577000E8778 /* Model.swift */ = {isa = PBXFileReference; lastKnownFileType = sourcecode.swift; path = Model.swift; sourceTree = "<group>"; };
		34C1CFF02985859D000E8778 /* ReminderListView.swift */ = {isa = PBXFileReference; lastKnownFileType = sourcecode.swift; path = ReminderListView.swift; sourceTree = "<group>"; };
		8D245FA029858E8900A58AC8 /* Reminder+Extensions.swift */ = {isa = PBXFileReference; lastKnownFileType = sourcecode.swift; path = "Reminder+Extensions.swift"; sourceTree = "<group>"; };
		8D8D0E6A2984A96B00C139FB /* RemindersApp.app */ = {isa = PBXFileReference; explicitFileType = wrapper.application; includeInIndex = 0; path = RemindersApp.app; sourceTree = BUILT_PRODUCTS_DIR; };
		8D8D0E6D2984A96B00C139FB /* RemindersAppApp.swift */ = {isa = PBXFileReference; lastKnownFileType = sourcecode.swift; path = RemindersAppApp.swift; sourceTree = "<group>"; };
		8D8D0E6F2984A96B00C139FB /* ContentView.swift */ = {isa = PBXFileReference; lastKnownFileType = sourcecode.swift; path = ContentView.swift; sourceTree = "<group>"; };
		8D8D0E712984A96C00C139FB /* Assets.xcassets */ = {isa = PBXFileReference; lastKnownFileType = folder.assetcatalog; path = Assets.xcassets; sourceTree = "<group>"; };
		8D8D0E742984A96C00C139FB /* Preview Assets.xcassets */ = {isa = PBXFileReference; lastKnownFileType = folder.assetcatalog; path = "Preview Assets.xcassets"; sourceTree = "<group>"; };
		8D8D0E7C2984AA9E00C139FB /* CoreDataProvider.swift */ = {isa = PBXFileReference; lastKnownFileType = sourcecode.swift; path = CoreDataProvider.swift; sourceTree = "<group>"; };
		8D8D0E7F2984AAC900C139FB /* ReminderModel.xcdatamodel */ = {isa = PBXFileReference; lastKnownFileType = wrapper.xcdatamodel; path = ReminderModel.xcdatamodel; sourceTree = "<group>"; };
		8D8D0E8129858A8400C139FB /* MyListDetailView.swift */ = {isa = PBXFileReference; lastKnownFileType = sourcecode.swift; path = MyListDetailView.swift; sourceTree = "<group>"; };
		8D8D0E8329858B4C00C139FB /* PreviewData.swift */ = {isa = PBXFileReference; lastKnownFileType = sourcecode.swift; path = PreviewData.swift; sourceTree = "<group>"; };
/* End PBXFileReference section */

/* Begin PBXFrameworksBuildPhase section */
		8D8D0E672984A96B00C139FB /* Frameworks */ = {
			isa = PBXFrameworksBuildPhase;
			buildActionMask = 2147483647;
			files = (
			);
			runOnlyForDeploymentPostprocessing = 0;
		};
/* End PBXFrameworksBuildPhase section */

/* Begin PBXGroup section */
		34C1CFE82984CF26000E8778 /* Models */ = {
			isa = PBXGroup;
			children = (
				34C1CFEB2984CF47000E8778 /* MyList+Extensions.swift */,
				34C1CFED2984D577000E8778 /* Model.swift */,
				8D245FA029858E8900A58AC8 /* Reminder+Extensions.swift */,
			);
			path = Models;
			sourceTree = "<group>";
		};
		34C1CFEF2985857F000E8778 /* Views */ = {
			isa = PBXGroup;
			children = (
				34C1CFF02985859D000E8778 /* ReminderListView.swift */,
				8D8D0E8129858A8400C139FB /* MyListDetailView.swift */,
			);
			path = Views;
			sourceTree = "<group>";
		};
		8D8D0E612984A96B00C139FB = {
			isa = PBXGroup;
			children = (
				8D8D0E6C2984A96B00C139FB /* RemindersApp */,
				8D8D0E6B2984A96B00C139FB /* Products */,
			);
			sourceTree = "<group>";
		};
		8D8D0E6B2984A96B00C139FB /* Products */ = {
			isa = PBXGroup;
			children = (
				8D8D0E6A2984A96B00C139FB /* RemindersApp.app */,
			);
			name = Products;
			sourceTree = "<group>";
		};
		8D8D0E6C2984A96B00C139FB /* RemindersApp */ = {
			isa = PBXGroup;
			children = (
				34C1CFEF2985857F000E8778 /* Views */,
				34C1CFE82984CF26000E8778 /* Models */,
				8D8D0E7B2984AA9000C139FB /* Providers */,
				8D8D0E6D2984A96B00C139FB /* RemindersAppApp.swift */,
				8D8D0E6F2984A96B00C139FB /* ContentView.swift */,
				8D8D0E712984A96C00C139FB /* Assets.xcassets */,
				8D8D0E732984A96C00C139FB /* Preview Content */,
				8D8D0E7E2984AAC900C139FB /* ReminderModel.xcdatamodeld */,
			);
			path = RemindersApp;
			sourceTree = "<group>";
		};
		8D8D0E732984A96C00C139FB /* Preview Content */ = {
			isa = PBXGroup;
			children = (
				8D8D0E742984A96C00C139FB /* Preview Assets.xcassets */,
				8D8D0E8329858B4C00C139FB /* PreviewData.swift */,
			);
			path = "Preview Content";
			sourceTree = "<group>";
		};
		8D8D0E7B2984AA9000C139FB /* Providers */ = {
			isa = PBXGroup;
			children = (
				8D8D0E7C2984AA9E00C139FB /* CoreDataProvider.swift */,
			);
			path = Providers;
			sourceTree = "<group>";
		};
/* End PBXGroup section */

/* Begin PBXNativeTarget section */
		8D8D0E692984A96B00C139FB /* RemindersApp */ = {
			isa = PBXNativeTarget;
			buildConfigurationList = 8D8D0E782984A96C00C139FB /* Build configuration list for PBXNativeTarget "RemindersApp" */;
			buildPhases = (
				8D8D0E662984A96B00C139FB /* Sources */,
				8D8D0E672984A96B00C139FB /* Frameworks */,
				8D8D0E682984A96B00C139FB /* Resources */,
			);
			buildRules = (
			);
			dependencies = (
			);
			name = RemindersApp;
			productName = RemindersApp;
			productReference = 8D8D0E6A2984A96B00C139FB /* RemindersApp.app */;
			productType = "com.apple.product-type.application";
		};
/* End PBXNativeTarget section */

/* Begin PBXProject section */
		8D8D0E622984A96B00C139FB /* Project object */ = {
			isa = PBXProject;
			attributes = {
				BuildIndependentTargetsInParallel = 1;
				LastSwiftUpdateCheck = 1420;
				LastUpgradeCheck = 1420;
				TargetAttributes = {
					8D8D0E692984A96B00C139FB = {
						CreatedOnToolsVersion = 14.2;
					};
				};
			};
			buildConfigurationList = 8D8D0E652984A96B00C139FB /* Build configuration list for PBXProject "RemindersApp" */;
			compatibilityVersion = "Xcode 14.0";
			developmentRegion = en;
			hasScannedForEncodings = 0;
			knownRegions = (
				en,
				Base,
			);
			mainGroup = 8D8D0E612984A96B00C139FB;
			productRefGroup = 8D8D0E6B2984A96B00C139FB /* Products */;
			projectDirPath = "";
			projectRoot = "";
			targets = (
				8D8D0E692984A96B00C139FB /* RemindersApp */,
			);
		};
/* End PBXProject section */

/* Begin PBXResourcesBuildPhase section */
		8D8D0E682984A96B00C139FB /* Resources */ = {
			isa = PBXResourcesBuildPhase;
			buildActionMask = 2147483647;
			files = (
				8D8D0E752984A96C00C139FB /* Preview Assets.xcassets in Resources */,
				8D8D0E722984A96C00C139FB /* Assets.xcassets in Resources */,
			);
			runOnlyForDeploymentPostprocessing = 0;
		};
/* End PBXResourcesBuildPhase section */

/* Begin PBXSourcesBuildPhase section */
		8D8D0E662984A96B00C139FB /* Sources */ = {
			isa = PBXSourcesBuildPhase;
			buildActionMask = 2147483647;
			files = (
				8D8D0E702984A96B00C139FB /* ContentView.swift in Sources */,
				8D8D0E8229858A8400C139FB /* MyListDetailView.swift in Sources */,
				8D8D0E802984AAC900C139FB /* ReminderModel.xcdatamodeld in Sources */,
				34C1CFF12985859D000E8778 /* ReminderListView.swift in Sources */,
				8D8D0E6E2984A96B00C139FB /* RemindersAppApp.swift in Sources */,
				8D8D0E8429858B4C00C139FB /* PreviewData.swift in Sources */,
				34C1CFEE2984D577000E8778 /* Model.swift in Sources */,
				34C1CFEC2984CF47000E8778 /* MyList+Extensions.swift in Sources */,
				8D8D0E7D2984AA9E00C139FB /* CoreDataProvider.swift in Sources */,
				8D245FA129858E8900A58AC8 /* Reminder+Extensions.swift in Sources */,
			);
			runOnlyForDeploymentPostprocessing = 0;
		};
/* End PBXSourcesBuildPhase section */

/* Begin XCBuildConfiguration section */
		8D8D0E762984A96C00C139FB /* Debug */ = {
			isa = XCBuildConfiguration;
			buildSettings = {
				ALWAYS_SEARCH_USER_PATHS = NO;
				CLANG_ANALYZER_NONNULL = YES;
				CLANG_ANALYZER_NUMBER_OBJECT_CONVERSION = YES_AGGRESSIVE;
				CLANG_CXX_LANGUAGE_STANDARD = "gnu++20";
				CLANG_ENABLE_MODULES = YES;
				CLANG_ENABLE_OBJC_ARC = YES;
				CLANG_ENABLE_OBJC_WEAK = YES;
				CLANG_WARN_BLOCK_CAPTURE_AUTORELEASING = YES;
				CLANG_WARN_BOOL_CONVERSION = YES;
				CLANG_WARN_COMMA = YES;
				CLANG_WARN_CONSTANT_CONVERSION = YES;
				CLANG_WARN_DEPRECATED_OBJC_IMPLEMENTATIONS = YES;
				CLANG_WARN_DIRECT_OBJC_ISA_USAGE = YES_ERROR;
				CLANG_WARN_DOCUMENTATION_COMMENTS = YES;
				CLANG_WARN_EMPTY_BODY = YES;
				CLANG_WARN_ENUM_CONVERSION = YES;
				CLANG_WARN_INFINITE_RECURSION = YES;
				CLANG_WARN_INT_CONVERSION = YES;
				CLANG_WARN_NON_LITERAL_NULL_CONVERSION = YES;
				CLANG_WARN_OBJC_IMPLICIT_RETAIN_SELF = YES;
				CLANG_WARN_OBJC_LITERAL_CONVERSION = YES;
				CLANG_WARN_OBJC_ROOT_CLASS = YES_ERROR;
				CLANG_WARN_QUOTED_INCLUDE_IN_FRAMEWORK_HEADER = YES;
				CLANG_WARN_RANGE_LOOP_ANALYSIS = YES;
				CLANG_WARN_STRICT_PROTOTYPES = YES;
				CLANG_WARN_SUSPICIOUS_MOVE = YES;
				CLANG_WARN_UNGUARDED_AVAILABILITY = YES_AGGRESSIVE;
				CLANG_WARN_UNREACHABLE_CODE = YES;
				CLANG_WARN__DUPLICATE_METHOD_MATCH = YES;
				COPY_PHASE_STRIP = NO;
				DEBUG_INFORMATION_FORMAT = dwarf;
				ENABLE_STRICT_OBJC_MSGSEND = YES;
				ENABLE_TESTABILITY = YES;
				GCC_C_LANGUAGE_STANDARD = gnu11;
				GCC_DYNAMIC_NO_PIC = NO;
				GCC_NO_COMMON_BLOCKS = YES;
				GCC_OPTIMIZATION_LEVEL = 0;
				GCC_PREPROCESSOR_DEFINITIONS = (
					"DEBUG=1",
					"$(inherited)",
				);
				GCC_WARN_64_TO_32_BIT_CONVERSION = YES;
				GCC_WARN_ABOUT_RETURN_TYPE = YES_ERROR;
				GCC_WARN_UNDECLARED_SELECTOR = YES;
				GCC_WARN_UNINITIALIZED_AUTOS = YES_AGGRESSIVE;
				GCC_WARN_UNUSED_FUNCTION = YES;
				GCC_WARN_UNUSED_VARIABLE = YES;
				IPHONEOS_DEPLOYMENT_TARGET = 16.2;
				MTL_ENABLE_DEBUG_INFO = INCLUDE_SOURCE;
				MTL_FAST_MATH = YES;
				ONLY_ACTIVE_ARCH = YES;
				SDKROOT = iphoneos;
				SWIFT_ACTIVE_COMPILATION_CONDITIONS = DEBUG;
				SWIFT_OPTIMIZATION_LEVEL = "-Onone";
			};
			name = Debug;
		};
		8D8D0E772984A96C00C139FB /* Release */ = {
			isa = XCBuildConfiguration;
			buildSettings = {
				ALWAYS_SEARCH_USER_PATHS = NO;
				CLANG_ANALYZER_NONNULL = YES;
				CLANG_ANALYZER_NUMBER_OBJECT_CONVERSION = YES_AGGRESSIVE;
				CLANG_CXX_LANGUAGE_STANDARD = "gnu++20";
				CLANG_ENABLE_MODULES = YES;
				CLANG_ENABLE_OBJC_ARC = YES;
				CLANG_ENABLE_OBJC_WEAK = YES;
				CLANG_WARN_BLOCK_CAPTURE_AUTORELEASING = YES;
				CLANG_WARN_BOOL_CONVERSION = YES;
				CLANG_WARN_COMMA = YES;
				CLANG_WARN_CONSTANT_CONVERSION = YES;
				CLANG_WARN_DEPRECATED_OBJC_IMPLEMENTATIONS = YES;
				CLANG_WARN_DIRECT_OBJC_ISA_USAGE = YES_ERROR;
				CLANG_WARN_DOCUMENTATION_COMMENTS = YES;
				CLANG_WARN_EMPTY_BODY = YES;
				CLANG_WARN_ENUM_CONVERSION = YES;
				CLANG_WARN_INFINITE_RECURSION = YES;
				CLANG_WARN_INT_CONVERSION = YES;
				CLANG_WARN_NON_LITERAL_NULL_CONVERSION = YES;
				CLANG_WARN_OBJC_IMPLICIT_RETAIN_SELF = YES;
				CLANG_WARN_OBJC_LITERAL_CONVERSION = YES;
				CLANG_WARN_OBJC_ROOT_CLASS = YES_ERROR;
				CLANG_WARN_QUOTED_INCLUDE_IN_FRAMEWORK_HEADER = YES;
				CLANG_WARN_RANGE_LOOP_ANALYSIS = YES;
				CLANG_WARN_STRICT_PROTOTYPES = YES;
				CLANG_WARN_SUSPICIOUS_MOVE = YES;
				CLANG_WARN_UNGUARDED_AVAILABILITY = YES_AGGRESSIVE;
				CLANG_WARN_UNREACHABLE_CODE = YES;
				CLANG_WARN__DUPLICATE_METHOD_MATCH = YES;
				COPY_PHASE_STRIP = NO;
				DEBUG_INFORMATION_FORMAT = "dwarf-with-dsym";
				ENABLE_NS_ASSERTIONS = NO;
				ENABLE_STRICT_OBJC_MSGSEND = YES;
				GCC_C_LANGUAGE_STANDARD = gnu11;
				GCC_NO_COMMON_BLOCKS = YES;
				GCC_WARN_64_TO_32_BIT_CONVERSION = YES;
				GCC_WARN_ABOUT_RETURN_TYPE = YES_ERROR;
				GCC_WARN_UNDECLARED_SELECTOR = YES;
				GCC_WARN_UNINITIALIZED_AUTOS = YES_AGGRESSIVE;
				GCC_WARN_UNUSED_FUNCTION = YES;
				GCC_WARN_UNUSED_VARIABLE = YES;
				IPHONEOS_DEPLOYMENT_TARGET = 16.2;
				MTL_ENABLE_DEBUG_INFO = NO;
				MTL_FAST_MATH = YES;
				SDKROOT = iphoneos;
				SWIFT_COMPILATION_MODE = wholemodule;
				SWIFT_OPTIMIZATION_LEVEL = "-O";
				VALIDATE_PRODUCT = YES;
			};
			name = Release;
		};
		8D8D0E792984A96C00C139FB /* Debug */ = {
			isa = XCBuildConfiguration;
			buildSettings = {
				ASSETCATALOG_COMPILER_APPICON_NAME = AppIcon;
				ASSETCATALOG_COMPILER_GLOBAL_ACCENT_COLOR_NAME = AccentColor;
				CODE_SIGN_STYLE = Automatic;
				CURRENT_PROJECT_VERSION = 1;
				DEVELOPMENT_ASSET_PATHS = "\"RemindersApp/Preview Content\"";
				DEVELOPMENT_TEAM = B2Q8EGNCQA;
				ENABLE_PREVIEWS = YES;
				GENERATE_INFOPLIST_FILE = YES;
				INFOPLIST_KEY_UIApplicationSceneManifest_Generation = YES;
				INFOPLIST_KEY_UIApplicationSupportsIndirectInputEvents = YES;
				INFOPLIST_KEY_UILaunchScreen_Generation = YES;
				INFOPLIST_KEY_UISupportedInterfaceOrientations_iPad = "UIInterfaceOrientationPortrait UIInterfaceOrientationPortraitUpsideDown UIInterfaceOrientationLandscapeLeft UIInterfaceOrientationLandscapeRight";
				INFOPLIST_KEY_UISupportedInterfaceOrientations_iPhone = "UIInterfaceOrientationPortrait UIInterfaceOrientationLandscapeLeft UIInterfaceOrientationLandscapeRight";
				LD_RUNPATH_SEARCH_PATHS = (
					"$(inherited)",
					"@executable_path/Frameworks",
				);
				MARKETING_VERSION = 1.0;
				PRODUCT_BUNDLE_IDENTIFIER = com.azamsharp.RemindersApp;
				PRODUCT_NAME = "$(TARGET_NAME)";
				SWIFT_EMIT_LOC_STRINGS = YES;
				SWIFT_VERSION = 5.0;
				TARGETED_DEVICE_FAMILY = "1,2";
			};
			name = Debug;
		};
		8D8D0E7A2984A96C00C139FB /* Release */ = {
			isa = XCBuildConfiguration;
			buildSettings = {
				ASSETCATALOG_COMPILER_APPICON_NAME = AppIcon;
				ASSETCATALOG_COMPILER_GLOBAL_ACCENT_COLOR_NAME = AccentColor;
				CODE_SIGN_STYLE = Automatic;
				CURRENT_PROJECT_VERSION = 1;
				DEVELOPMENT_ASSET_PATHS = "\"RemindersApp/Preview Content\"";
				DEVELOPMENT_TEAM = B2Q8EGNCQA;
				ENABLE_PREVIEWS = YES;
				GENERATE_INFOPLIST_FILE = YES;
				INFOPLIST_KEY_UIApplicationSceneManifest_Generation = YES;
				INFOPLIST_KEY_UIApplicationSupportsIndirectInputEvents = YES;
				INFOPLIST_KEY_UILaunchScreen_Generation = YES;
				INFOPLIST_KEY_UISupportedInterfaceOrientations_iPad = "UIInterfaceOrientationPortrait UIInterfaceOrientationPortraitUpsideDown UIInterfaceOrientationLandscapeLeft UIInterfaceOrientationLandscapeRight";
				INFOPLIST_KEY_UISupportedInterfaceOrientations_iPhone = "UIInterfaceOrientationPortrait UIInterfaceOrientationLandscapeLeft UIInterfaceOrientationLandscapeRight";
				LD_RUNPATH_SEARCH_PATHS = (
					"$(inherited)",
					"@executable_path/Frameworks",
				);
				MARKETING_VERSION = 1.0;
				PRODUCT_BUNDLE_IDENTIFIER = com.azamsharp.RemindersApp;
				PRODUCT_NAME = "$(TARGET_NAME)";
				SWIFT_EMIT_LOC_STRINGS = YES;
				SWIFT_VERSION = 5.0;
				TARGETED_DEVICE_FAMILY = "1,2";
			};
			name = Release;
		};
/* End XCBuildConfiguration section */

/* Begin XCConfigurationList section */
		8D8D0E652984A96B00C139FB /* Build configuration list for PBXProject "RemindersApp" */ = {
			isa = XCConfigurationList;
			buildConfigurations = (
				8D8D0E762984A96C00C139FB /* Debug */,
				8D8D0E772984A96C00C139FB /* Release */,
			);
			defaultConfigurationIsVisible = 0;
			defaultConfigurationName = Release;
		};
		8D8D0E782984A96C00C139FB /* Build configuration list for PBXNativeTarget "RemindersApp" */ = {
			isa = XCConfigurationList;
			buildConfigurations = (
				8D8D0E792984A96C00C139FB /* Debug */,
				8D8D0E7A2984A96C00C139FB /* Release */,
			);
			defaultConfigurationIsVisible = 0;
			defaultConfigurationName = Release;
		};
/* End XCConfigurationList section */

/* Begin XCVersionGroup section */
		8D8D0E7E2984AAC900C139FB /* ReminderModel.xcdatamodeld */ = {
			isa = XCVersionGroup;
			children = (
				8D8D0E7F2984AAC900C139FB /* ReminderModel.xcdatamodel */,
			);
			currentVersion = 8D8D0E7F2984AAC900C139FB /* ReminderModel.xcdatamodel */;
			path = ReminderModel.xcdatamodeld;
			sourceTree = "<group>";
			versionGroupType = wrapper.xcdatamodel;
		};
/* End XCVersionGroup section */
	};
	rootObject = 8D8D0E622984A96B00C139FB /* Project object */;
}
